# This file was autogenerated by Stack.
# You should not edit this file by hand.
# For more information, please see the documentation at:
#   https://docs.haskellstack.org/en/stable/lock_files

packages:
- completed:
    commit: 3a9d26dee8a39fdbe7bd26bc0ec058f904cdf828
    git: https://github.com/dnikolovv/aws-lambda-haskell-runtime.git
    name: aws-lambda-haskell-runtime
    pantry-tree:
      sha256: 4158e66ca567307a37a955f4c377c85e4646ad2cff1cabba2de52da59c000199
      size: 3486
    version: 4.0.0
  original:
    commit: 3a9d26dee8a39fdbe7bd26bc0ec058f904cdf828
    git: https://github.com/dnikolovv/aws-lambda-haskell-runtime.git
snapshots:
- completed:
    sha256: 637fb77049b25560622a224845b7acfe81a09fdb6a96a3c75997a10b651667f6
    size: 534126
    url: https://raw.githubusercontent.com/commercialhaskell/stackage-snapshots/master/lts/16/31.yaml
  original: lts-16.31
